
Microsoft Visual Studio Solution File, Format Version 12.00
# Visual Studio Version 17
VisualStudioVersion = 17.14.36518.9 d17.14
MinimumVisualStudioVersion = 10.0.40219.1
Project("{FAE04EC0-301F-11D3-BF4B-00C04F79EFBC}") = "MultiTenantAPI", "MultiTenantAPI\MultiTenantAPI.csproj", "{39F46B68-5CDB-44E9-858D-EB926C14820F}"
EndProject
Global
	GlobalSection(SolutionConfigurationPlatforms) = preSolution
		Debug|Any CPU = Debug|Any CPU
		Release|Any CPU = Release|Any CPU
	EndGlobalSection
	GlobalSection(ProjectConfigurationPlatforms) = postSolution
		{39F46B68-5CDB-44E9-858D-EB926C14820F}.Debug|Any CPU.ActiveCfg = Debug|Any CPU
		{39F46B68-5CDB-44E9-858D-EB926C14820F}.Debug|Any CPU.Build.0 = Debug|Any CPU
		{39F46B68-5CDB-44E9-858D-EB926C14820F}.Release|Any CPU.ActiveCfg = Release|Any CPU
		{39F46B68-5CDB-44E9-858D-EB926C14820F}.Release|Any CPU.Build.0 = Release|Any CPU
	EndGlobalSection
	GlobalSection(SolutionProperties) = preSolution
		HideSolutionNode = FALSE
	EndGlobalSection
	GlobalSection(ExtensibilityGlobals) = postSolution
		SolutionGuid = {CD173E65-861F-4612-AEDB-23177125F01C}
	EndGlobalSection
EndGlobal
